// !$*UTF8*$!
{
	archiveVersion = 1;
	classes = {
	};
	objectVersion = 52;
	objects = {

/* Begin PBXBuildFile section */
		0F29F60A2649CC0D004320CD /* ProductApi in Frameworks */ = {isa = PBXBuildFile; productRef = 0F29F6092649CC0D004320CD /* ProductApi */; };
		0F29F61A2649CCD6004320CD /* EntitiesDyn in Frameworks */ = {isa = PBXBuildFile; productRef = 0F29F6192649CCD6004320CD /* EntitiesDyn */; };
		0F29F61B2649CCD6004320CD /* EntitiesDyn in Embed Frameworks */ = {isa = PBXBuildFile; productRef = 0F29F6192649CCD6004320CD /* EntitiesDyn */; settings = {ATTRIBUTES = (CodeSignOnCopy, ); }; };
		0F3E212B2643217900CD0967 /* AppDelegate.swift in Sources */ = {isa = PBXBuildFile; fileRef = 0F3E212A2643217900CD0967 /* AppDelegate.swift */; };
		0F3E212D2643217900CD0967 /* SceneDelegate.swift in Sources */ = {isa = PBXBuildFile; fileRef = 0F3E212C2643217900CD0967 /* SceneDelegate.swift */; };
		0F3E212F2643217900CD0967 /* ListViewController.swift in Sources */ = {isa = PBXBuildFile; fileRef = 0F3E212E2643217900CD0967 /* ListViewController.swift */; };
		0F3E21372643217A00CD0967 /* Assets.xcassets in Resources */ = {isa = PBXBuildFile; fileRef = 0F3E21362643217A00CD0967 /* Assets.xcassets */; };
		0F3E213A2643217A00CD0967 /* LaunchScreen.storyboard in Resources */ = {isa = PBXBuildFile; fileRef = 0F3E21382643217A00CD0967 /* LaunchScreen.storyboard */; };
		0F3E21452643217A00CD0967 /* DemoAppTests.swift in Sources */ = {isa = PBXBuildFile; fileRef = 0F3E21442643217A00CD0967 /* DemoAppTests.swift */; };
		0F3E21502643217A00CD0967 /* DemoAppUITests.swift in Sources */ = {isa = PBXBuildFile; fileRef = 0F3E214F2643217A00CD0967 /* DemoAppUITests.swift */; };
		0F88560C2644923600078ECD /* DetailViewController.swift in Sources */ = {isa = PBXBuildFile; fileRef = 0F88560B2644923600078ECD /* DetailViewController.swift */; };
		0F8856102644929100078ECD /* ListView.swift in Sources */ = {isa = PBXBuildFile; fileRef = 0F88560F2644929100078ECD /* ListView.swift */; };
		0F8856142644929C00078ECD /* ListViewModel.swift in Sources */ = {isa = PBXBuildFile; fileRef = 0F8856132644929C00078ECD /* ListViewModel.swift */; };
		0F885618264492AA00078ECD /* DetailView.swift in Sources */ = {isa = PBXBuildFile; fileRef = 0F885617264492AA00078ECD /* DetailView.swift */; };
		0F88561C264492B300078ECD /* DetailViewModel.swift in Sources */ = {isa = PBXBuildFile; fileRef = 0F88561B264492B300078ECD /* DetailViewModel.swift */; };
		0F8856252644954300078ECD /* ListCell.swift in Sources */ = {isa = PBXBuildFile; fileRef = 0F8856242644954300078ECD /* ListCell.swift */; };
/* End PBXBuildFile section */

/* Begin PBXContainerItemProxy section */
		0F3E21412643217A00CD0967 /* PBXContainerItemProxy */ = {
			isa = PBXContainerItemProxy;
			containerPortal = 0F3E211F2643217900CD0967 /* Project object */;
			proxyType = 1;
			remoteGlobalIDString = 0F3E21262643217900CD0967;
			remoteInfo = DemoApp;
		};
		0F3E214C2643217A00CD0967 /* PBXContainerItemProxy */ = {
			isa = PBXContainerItemProxy;
			containerPortal = 0F3E211F2643217900CD0967 /* Project object */;
			proxyType = 1;
			remoteGlobalIDString = 0F3E21262643217900CD0967;
			remoteInfo = DemoApp;
		};
/* End PBXContainerItemProxy section */

/* Begin PBXCopyFilesBuildPhase section */
		0F14211F26448F210042B127 /* Embed Frameworks */ = {
			isa = PBXCopyFilesBuildPhase;
			buildActionMask = 2147483647;
			dstPath = "";
			dstSubfolderSpec = 10;
			files = (
				0F29F61B2649CCD6004320CD /* EntitiesDyn in Embed Frameworks */,
			);
			name = "Embed Frameworks";
			runOnlyForDeploymentPostprocessing = 0;
		};
/* End PBXCopyFilesBuildPhase section */

/* Begin PBXFileReference section */
		0F3E21272643217900CD0967 /* DemoApp.app */ = {isa = PBXFileReference; explicitFileType = wrapper.application; includeInIndex = 0; path = DemoApp.app; sourceTree = BUILT_PRODUCTS_DIR; };
		0F3E212A2643217900CD0967 /* AppDelegate.swift */ = {isa = PBXFileReference; lastKnownFileType = sourcecode.swift; path = AppDelegate.swift; sourceTree = "<group>"; };
		0F3E212C2643217900CD0967 /* SceneDelegate.swift */ = {isa = PBXFileReference; lastKnownFileType = sourcecode.swift; path = SceneDelegate.swift; sourceTree = "<group>"; };
		0F3E212E2643217900CD0967 /* ListViewController.swift */ = {isa = PBXFileReference; lastKnownFileType = sourcecode.swift; path = ListViewController.swift; sourceTree = "<group>"; };
		0F3E21362643217A00CD0967 /* Assets.xcassets */ = {isa = PBXFileReference; lastKnownFileType = folder.assetcatalog; path = Assets.xcassets; sourceTree = "<group>"; };
		0F3E21392643217A00CD0967 /* Base */ = {isa = PBXFileReference; lastKnownFileType = file.storyboard; name = Base; path = Base.lproj/LaunchScreen.storyboard; sourceTree = "<group>"; };
		0F3E213B2643217A00CD0967 /* Info.plist */ = {isa = PBXFileReference; lastKnownFileType = text.plist.xml; path = Info.plist; sourceTree = "<group>"; };
		0F3E21402643217A00CD0967 /* DemoAppTests.xctest */ = {isa = PBXFileReference; explicitFileType = wrapper.cfbundle; includeInIndex = 0; path = DemoAppTests.xctest; sourceTree = BUILT_PRODUCTS_DIR; };
		0F3E21442643217A00CD0967 /* DemoAppTests.swift */ = {isa = PBXFileReference; lastKnownFileType = sourcecode.swift; path = DemoAppTests.swift; sourceTree = "<group>"; };
		0F3E21462643217A00CD0967 /* Info.plist */ = {isa = PBXFileReference; lastKnownFileType = text.plist.xml; path = Info.plist; sourceTree = "<group>"; };
		0F3E214B2643217A00CD0967 /* DemoAppUITests.xctest */ = {isa = PBXFileReference; explicitFileType = wrapper.cfbundle; includeInIndex = 0; path = DemoAppUITests.xctest; sourceTree = BUILT_PRODUCTS_DIR; };
		0F3E214F2643217A00CD0967 /* DemoAppUITests.swift */ = {isa = PBXFileReference; lastKnownFileType = sourcecode.swift; path = DemoAppUITests.swift; sourceTree = "<group>"; };
		0F3E21512643217A00CD0967 /* Info.plist */ = {isa = PBXFileReference; lastKnownFileType = text.plist.xml; path = Info.plist; sourceTree = "<group>"; };
		0F88560B2644923600078ECD /* DetailViewController.swift */ = {isa = PBXFileReference; lastKnownFileType = sourcecode.swift; path = DetailViewController.swift; sourceTree = "<group>"; };
		0F88560F2644929100078ECD /* ListView.swift */ = {isa = PBXFileReference; lastKnownFileType = sourcecode.swift; path = ListView.swift; sourceTree = "<group>"; };
		0F8856132644929C00078ECD /* ListViewModel.swift */ = {isa = PBXFileReference; lastKnownFileType = sourcecode.swift; path = ListViewModel.swift; sourceTree = "<group>"; };
		0F885617264492AA00078ECD /* DetailView.swift */ = {isa = PBXFileReference; lastKnownFileType = sourcecode.swift; path = DetailView.swift; sourceTree = "<group>"; };
		0F88561B264492B300078ECD /* DetailViewModel.swift */ = {isa = PBXFileReference; lastKnownFileType = sourcecode.swift; path = DetailViewModel.swift; sourceTree = "<group>"; };
		0F8856242644954300078ECD /* ListCell.swift */ = {isa = PBXFileReference; lastKnownFileType = sourcecode.swift; path = ListCell.swift; sourceTree = "<group>"; };
/* End PBXFileReference section */

/* Begin PBXFrameworksBuildPhase section */
		0F3E21242643217900CD0967 /* Frameworks */ = {
			isa = PBXFrameworksBuildPhase;
			buildActionMask = 2147483647;
			files = (
				0F29F60A2649CC0D004320CD /* ProductApi in Frameworks */,
				0F29F61A2649CCD6004320CD /* EntitiesDyn in Frameworks */,
			);
			runOnlyForDeploymentPostprocessing = 0;
		};
		0F3E213D2643217A00CD0967 /* Frameworks */ = {
			isa = PBXFrameworksBuildPhase;
			buildActionMask = 2147483647;
			files = (
			);
			runOnlyForDeploymentPostprocessing = 0;
		};
		0F3E21482643217A00CD0967 /* Frameworks */ = {
			isa = PBXFrameworksBuildPhase;
			buildActionMask = 2147483647;
			files = (
			);
			runOnlyForDeploymentPostprocessing = 0;
		};
/* End PBXFrameworksBuildPhase section */

/* Begin PBXGroup section */
		0F141F5A264484550042B127 /* Frameworks */ = {
			isa = PBXGroup;
			children = (
			);
			name = Frameworks;
			sourceTree = "<group>";
		};
		0F3E211E2643217900CD0967 = {
			isa = PBXGroup;
			children = (
				0F3E21292643217900CD0967 /* DemoApp */,
				0F3E21432643217A00CD0967 /* DemoAppTests */,
				0F3E214E2643217A00CD0967 /* DemoAppUITests */,
				0F3E21282643217900CD0967 /* Products */,
				0F141F5A264484550042B127 /* Frameworks */,
			);
			sourceTree = "<group>";
		};
		0F3E21282643217900CD0967 /* Products */ = {
			isa = PBXGroup;
			children = (
				0F3E21272643217900CD0967 /* DemoApp.app */,
				0F3E21402643217A00CD0967 /* DemoAppTests.xctest */,
				0F3E214B2643217A00CD0967 /* DemoAppUITests.xctest */,
			);
			name = Products;
			sourceTree = "<group>";
		};
		0F3E21292643217900CD0967 /* DemoApp */ = {
			isa = PBXGroup;
			children = (
				0F885606264491AB00078ECD /* Screens */,
				0F3E212A2643217900CD0967 /* AppDelegate.swift */,
				0F3E212C2643217900CD0967 /* SceneDelegate.swift */,
				0F3E21362643217A00CD0967 /* Assets.xcassets */,
				0F3E21382643217A00CD0967 /* LaunchScreen.storyboard */,
				0F3E213B2643217A00CD0967 /* Info.plist */,
			);
			path = DemoApp;
			sourceTree = "<group>";
		};
		0F3E21432643217A00CD0967 /* DemoAppTests */ = {
			isa = PBXGroup;
			children = (
				0F3E21442643217A00CD0967 /* DemoAppTests.swift */,
				0F3E21462643217A00CD0967 /* Info.plist */,
			);
			path = DemoAppTests;
			sourceTree = "<group>";
		};
		0F3E214E2643217A00CD0967 /* DemoAppUITests */ = {
			isa = PBXGroup;
			children = (
				0F3E214F2643217A00CD0967 /* DemoAppUITests.swift */,
				0F3E21512643217A00CD0967 /* Info.plist */,
			);
			path = DemoAppUITests;
			sourceTree = "<group>";
		};
		0F885606264491AB00078ECD /* Screens */ = {
			isa = PBXGroup;
			children = (
				0F88560A2644922300078ECD /* Detail */,
				0F8856092644921100078ECD /* List */,
			);
			path = Screens;
			sourceTree = "<group>";
		};
		0F8856092644921100078ECD /* List */ = {
			isa = PBXGroup;
			children = (
				0F8856242644954300078ECD /* ListCell.swift */,
				0F88560F2644929100078ECD /* ListView.swift */,
				0F3E212E2643217900CD0967 /* ListViewController.swift */,
				0F8856132644929C00078ECD /* ListViewModel.swift */,
			);
			path = List;
			sourceTree = "<group>";
		};
		0F88560A2644922300078ECD /* Detail */ = {
			isa = PBXGroup;
			children = (
				0F885617264492AA00078ECD /* DetailView.swift */,
				0F88560B2644923600078ECD /* DetailViewController.swift */,
				0F88561B264492B300078ECD /* DetailViewModel.swift */,
			);
			path = Detail;
			sourceTree = "<group>";
		};
/* End PBXGroup section */

/* Begin PBXNativeTarget section */
		0F3E21262643217900CD0967 /* DemoApp */ = {
			isa = PBXNativeTarget;
			buildConfigurationList = 0F3E21542643217A00CD0967 /* Build configuration list for PBXNativeTarget "DemoApp" */;
			buildPhases = (
				0F3E21232643217900CD0967 /* Sources */,
				0F3E21242643217900CD0967 /* Frameworks */,
				0F3E21252643217900CD0967 /* Resources */,
				0F14211F26448F210042B127 /* Embed Frameworks */,
			);
			buildRules = (
			);
			dependencies = (
			);
			name = DemoApp;
			packageProductDependencies = (
				0F29F6092649CC0D004320CD /* ProductApi */,
				0F29F6192649CCD6004320CD /* EntitiesDyn */,
			);
			productName = DemoApp;
			productReference = 0F3E21272643217900CD0967 /* DemoApp.app */;
			productType = "com.apple.product-type.application";
		};
		0F3E213F2643217A00CD0967 /* DemoAppTests */ = {
			isa = PBXNativeTarget;
			buildConfigurationList = 0F3E21572643217A00CD0967 /* Build configuration list for PBXNativeTarget "DemoAppTests" */;
			buildPhases = (
				0F3E213C2643217A00CD0967 /* Sources */,
				0F3E213D2643217A00CD0967 /* Frameworks */,
				0F3E213E2643217A00CD0967 /* Resources */,
			);
			buildRules = (
			);
			dependencies = (
				0F3E21422643217A00CD0967 /* PBXTargetDependency */,
			);
			name = DemoAppTests;
			productName = DemoAppTests;
			productReference = 0F3E21402643217A00CD0967 /* DemoAppTests.xctest */;
			productType = "com.apple.product-type.bundle.unit-test";
		};
		0F3E214A2643217A00CD0967 /* DemoAppUITests */ = {
			isa = PBXNativeTarget;
			buildConfigurationList = 0F3E215A2643217A00CD0967 /* Build configuration list for PBXNativeTarget "DemoAppUITests" */;
			buildPhases = (
				0F3E21472643217A00CD0967 /* Sources */,
				0F3E21482643217A00CD0967 /* Frameworks */,
				0F3E21492643217A00CD0967 /* Resources */,
			);
			buildRules = (
			);
			dependencies = (
				0F3E214D2643217A00CD0967 /* PBXTargetDependency */,
			);
			name = DemoAppUITests;
			productName = DemoAppUITests;
			productReference = 0F3E214B2643217A00CD0967 /* DemoAppUITests.xctest */;
			productType = "com.apple.product-type.bundle.ui-testing";
		};
/* End PBXNativeTarget section */

/* Begin PBXProject section */
		0F3E211F2643217900CD0967 /* Project object */ = {
			isa = PBXProject;
			attributes = {
				LastSwiftUpdateCheck = 1240;
				LastUpgradeCheck = 1240;
				TargetAttributes = {
					0F3E21262643217900CD0967 = {
						CreatedOnToolsVersion = 12.4;
					};
					0F3E213F2643217A00CD0967 = {
						CreatedOnToolsVersion = 12.4;
						TestTargetID = 0F3E21262643217900CD0967;
					};
					0F3E214A2643217A00CD0967 = {
						CreatedOnToolsVersion = 12.4;
						TestTargetID = 0F3E21262643217900CD0967;
					};
				};
			};
			buildConfigurationList = 0F3E21222643217900CD0967 /* Build configuration list for PBXProject "DemoApp" */;
			compatibilityVersion = "Xcode 9.3";
			developmentRegion = en;
			hasScannedForEncodings = 0;
			knownRegions = (
				en,
				Base,
			);
			mainGroup = 0F3E211E2643217900CD0967;
			productRefGroup = 0F3E21282643217900CD0967 /* Products */;
			projectDirPath = "";
			projectRoot = "";
			targets = (
				0F3E21262643217900CD0967 /* DemoApp */,
				0F3E213F2643217A00CD0967 /* DemoAppTests */,
				0F3E214A2643217A00CD0967 /* DemoAppUITests */,
			);
		};
/* End PBXProject section */

/* Begin PBXResourcesBuildPhase section */
		0F3E21252643217900CD0967 /* Resources */ = {
			isa = PBXResourcesBuildPhase;
			buildActionMask = 2147483647;
			files = (
				0F3E213A2643217A00CD0967 /* LaunchScreen.storyboard in Resources */,
				0F3E21372643217A00CD0967 /* Assets.xcassets in Resources */,
			);
			runOnlyForDeploymentPostprocessing = 0;
		};
		0F3E213E2643217A00CD0967 /* Resources */ = {
			isa = PBXResourcesBuildPhase;
			buildActionMask = 2147483647;
			files = (
			);
			runOnlyForDeploymentPostprocessing = 0;
		};
		0F3E21492643217A00CD0967 /* Resources */ = {
			isa = PBXResourcesBuildPhase;
			buildActionMask = 2147483647;
			files = (
			);
			runOnlyForDeploymentPostprocessing = 0;
		};
/* End PBXResourcesBuildPhase section */

/* Begin PBXSourcesBuildPhase section */
		0F3E21232643217900CD0967 /* Sources */ = {
			isa = PBXSourcesBuildPhase;
			buildActionMask = 2147483647;
			files = (
				0F3E212F2643217900CD0967 /* ListViewController.swift in Sources */,
				0F885618264492AA00078ECD /* DetailView.swift in Sources */,
				0F3E212B2643217900CD0967 /* AppDelegate.swift in Sources */,
				0F8856252644954300078ECD /* ListCell.swift in Sources */,
				0F8856142644929C00078ECD /* ListViewModel.swift in Sources */,
				0F88561C264492B300078ECD /* DetailViewModel.swift in Sources */,
				0F8856102644929100078ECD /* ListView.swift in Sources */,
				0F88560C2644923600078ECD /* DetailViewController.swift in Sources */,
				0F3E212D2643217900CD0967 /* SceneDelegate.swift in Sources */,
			);
			runOnlyForDeploymentPostprocessing = 0;
		};
		0F3E213C2643217A00CD0967 /* Sources */ = {
			isa = PBXSourcesBuildPhase;
			buildActionMask = 2147483647;
			files = (
				0F3E21452643217A00CD0967 /* DemoAppTests.swift in Sources */,
			);
			runOnlyForDeploymentPostprocessing = 0;
		};
		0F3E21472643217A00CD0967 /* Sources */ = {
			isa = PBXSourcesBuildPhase;
			buildActionMask = 2147483647;
			files = (
				0F3E21502643217A00CD0967 /* DemoAppUITests.swift in Sources */,
			);
			runOnlyForDeploymentPostprocessing = 0;
		};
/* End PBXSourcesBuildPhase section */

/* Begin PBXTargetDependency section */
		0F3E21422643217A00CD0967 /* PBXTargetDependency */ = {
			isa = PBXTargetDependency;
			target = 0F3E21262643217900CD0967 /* DemoApp */;
			targetProxy = 0F3E21412643217A00CD0967 /* PBXContainerItemProxy */;
		};
		0F3E214D2643217A00CD0967 /* PBXTargetDependency */ = {
			isa = PBXTargetDependency;
			target = 0F3E21262643217900CD0967 /* DemoApp */;
			targetProxy = 0F3E214C2643217A00CD0967 /* PBXContainerItemProxy */;
		};
/* End PBXTargetDependency section */

/* Begin PBXVariantGroup section */
		0F3E21382643217A00CD0967 /* LaunchScreen.storyboard */ = {
			isa = PBXVariantGroup;
			children = (
				0F3E21392643217A00CD0967 /* Base */,
			);
			name = LaunchScreen.storyboard;
			sourceTree = "<group>";
		};
/* End PBXVariantGroup section */

/* Begin XCBuildConfiguration section */
		0F3E21522643217A00CD0967 /* Debug */ = {
			isa = XCBuildConfiguration;
			buildSettings = {
				ALWAYS_SEARCH_USER_PATHS = NO;
				CLANG_ANALYZER_NONNULL = YES;
				CLANG_ANALYZER_NUMBER_OBJECT_CONVERSION = YES_AGGRESSIVE;
				CLANG_CXX_LANGUAGE_STANDARD = "gnu++14";
				CLANG_CXX_LIBRARY = "libc++";
				CLANG_ENABLE_MODULES = YES;
				CLANG_ENABLE_OBJC_ARC = YES;
				CLANG_ENABLE_OBJC_WEAK = YES;
				CLANG_WARN_BLOCK_CAPTURE_AUTORELEASING = YES;
				CLANG_WARN_BOOL_CONVERSION = YES;
				CLANG_WARN_COMMA = YES;
				CLANG_WARN_CONSTANT_CONVERSION = YES;
				CLANG_WARN_DEPRECATED_OBJC_IMPLEMENTATIONS = YES;
				CLANG_WARN_DIRECT_OBJC_ISA_USAGE = YES_ERROR;
				CLANG_WARN_DOCUMENTATION_COMMENTS = YES;
				CLANG_WARN_EMPTY_BODY = YES;
				CLANG_WARN_ENUM_CONVERSION = YES;
				CLANG_WARN_INFINITE_RECURSION = YES;
				CLANG_WARN_INT_CONVERSION = YES;
				CLANG_WARN_NON_LITERAL_NULL_CONVERSION = YES;
				CLANG_WARN_OBJC_IMPLICIT_RETAIN_SELF = YES;
				CLANG_WARN_OBJC_LITERAL_CONVERSION = YES;
				CLANG_WARN_OBJC_ROOT_CLASS = YES_ERROR;
				CLANG_WARN_QUOTED_INCLUDE_IN_FRAMEWORK_HEADER = YES;
				CLANG_WARN_RANGE_LOOP_ANALYSIS = YES;
				CLANG_WARN_STRICT_PROTOTYPES = YES;
				CLANG_WARN_SUSPICIOUS_MOVE = YES;
				CLANG_WARN_UNGUARDED_AVAILABILITY = YES_AGGRESSIVE;
				CLANG_WARN_UNREACHABLE_CODE = YES;
				CLANG_WARN__DUPLICATE_METHOD_MATCH = YES;
				COPY_PHASE_STRIP = NO;
				DEBUG_INFORMATION_FORMAT = dwarf;
				ENABLE_STRICT_OBJC_MSGSEND = YES;
				ENABLE_TESTABILITY = YES;
				GCC_C_LANGUAGE_STANDARD = gnu11;
				GCC_DYNAMIC_NO_PIC = NO;
				GCC_NO_COMMON_BLOCKS = YES;
				GCC_OPTIMIZATION_LEVEL = 0;
				GCC_PREPROCESSOR_DEFINITIONS = (
					"DEBUG=1",
					"$(inherited)",
				);
				GCC_WARN_64_TO_32_BIT_CONVERSION = YES;
				GCC_WARN_ABOUT_RETURN_TYPE = YES_ERROR;
				GCC_WARN_UNDECLARED_SELECTOR = YES;
				GCC_WARN_UNINITIALIZED_AUTOS = YES_AGGRESSIVE;
				GCC_WARN_UNUSED_FUNCTION = YES;
				GCC_WARN_UNUSED_VARIABLE = YES;
				IPHONEOS_DEPLOYMENT_TARGET = 14.4;
				MTL_ENABLE_DEBUG_INFO = INCLUDE_SOURCE;
				MTL_FAST_MATH = YES;
				ONLY_ACTIVE_ARCH = YES;
				SDKROOT = iphoneos;
				SWIFT_ACTIVE_COMPILATION_CONDITIONS = DEBUG;
				SWIFT_OPTIMIZATION_LEVEL = "-Onone";
			};
			name = Debug;
		};
		0F3E21532643217A00CD0967 /* Release */ = {
			isa = XCBuildConfiguration;
			buildSettings = {
				ALWAYS_SEARCH_USER_PATHS = NO;
				CLANG_ANALYZER_NONNULL = YES;
				CLANG_ANALYZER_NUMBER_OBJECT_CONVERSION = YES_AGGRESSIVE;
				CLANG_CXX_LANGUAGE_STANDARD = "gnu++14";
				CLANG_CXX_LIBRARY = "libc++";
				CLANG_ENABLE_MODULES = YES;
				CLANG_ENABLE_OBJC_ARC = YES;
				CLANG_ENABLE_OBJC_WEAK = YES;
				CLANG_WARN_BLOCK_CAPTURE_AUTORELEASING = YES;
				CLANG_WARN_BOOL_CONVERSION = YES;
				CLANG_WARN_COMMA = YES;
				CLANG_WARN_CONSTANT_CONVERSION = YES;
				CLANG_WARN_DEPRECATED_OBJC_IMPLEMENTATIONS = YES;
				CLANG_WARN_DIRECT_OBJC_ISA_USAGE = YES_ERROR;
				CLANG_WARN_DOCUMENTATION_COMMENTS = YES;
				CLANG_WARN_EMPTY_BODY = YES;
				CLANG_WARN_ENUM_CONVERSION = YES;
				CLANG_WARN_INFINITE_RECURSION = YES;
				CLANG_WARN_INT_CONVERSION = YES;
				CLANG_WARN_NON_LITERAL_NULL_CONVERSION = YES;
				CLANG_WARN_OBJC_IMPLICIT_RETAIN_SELF = YES;
				CLANG_WARN_OBJC_LITERAL_CONVERSION = YES;
				CLANG_WARN_OBJC_ROOT_CLASS = YES_ERROR;
				CLANG_WARN_QUOTED_INCLUDE_IN_FRAMEWORK_HEADER = YES;
				CLANG_WARN_RANGE_LOOP_ANALYSIS = YES;
				CLANG_WARN_STRICT_PROTOTYPES = YES;
				CLANG_WARN_SUSPICIOUS_MOVE = YES;
				CLANG_WARN_UNGUARDED_AVAILABILITY = YES_AGGRESSIVE;
				CLANG_WARN_UNREACHABLE_CODE = YES;
				CLANG_WARN__DUPLICATE_METHOD_MATCH = YES;
				COPY_PHASE_STRIP = NO;
				DEBUG_INFORMATION_FORMAT = "dwarf-with-dsym";
				ENABLE_NS_ASSERTIONS = NO;
				ENABLE_STRICT_OBJC_MSGSEND = YES;
				GCC_C_LANGUAGE_STANDARD = gnu11;
				GCC_NO_COMMON_BLOCKS = YES;
				GCC_WARN_64_TO_32_BIT_CONVERSION = YES;
				GCC_WARN_ABOUT_RETURN_TYPE = YES_ERROR;
				GCC_WARN_UNDECLARED_SELECTOR = YES;
				GCC_WARN_UNINITIALIZED_AUTOS = YES_AGGRESSIVE;
				GCC_WARN_UNUSED_FUNCTION = YES;
				GCC_WARN_UNUSED_VARIABLE = YES;
				IPHONEOS_DEPLOYMENT_TARGET = 14.4;
				MTL_ENABLE_DEBUG_INFO = NO;
				MTL_FAST_MATH = YES;
				SDKROOT = iphoneos;
				SWIFT_COMPILATION_MODE = wholemodule;
				SWIFT_OPTIMIZATION_LEVEL = "-O";
				VALIDATE_PRODUCT = YES;
			};
			name = Release;
		};
		0F3E21552643217A00CD0967 /* Debug */ = {
			isa = XCBuildConfiguration;
			buildSettings = {
				ASSETCATALOG_COMPILER_APPICON_NAME = AppIcon;
				ASSETCATALOG_COMPILER_GLOBAL_ACCENT_COLOR_NAME = AccentColor;
				CODE_SIGN_STYLE = Automatic;
				DEVELOPMENT_TEAM = QFXLM2UG4Z;
				INFOPLIST_FILE = DemoApp/Info.plist;
				LD_RUNPATH_SEARCH_PATHS = (
					"$(inherited)",
					"@executable_path/Frameworks",
				);
				PRODUCT_BUNDLE_IDENTIFIER = com.inanc.DemoApp;
				PRODUCT_NAME = "$(TARGET_NAME)";
				SWIFT_VERSION = 5.0;
				TARGETED_DEVICE_FAMILY = 1;
			};
			name = Debug;
		};
		0F3E21562643217A00CD0967 /* Release */ = {
			isa = XCBuildConfiguration;
			buildSettings = {
				ASSETCATALOG_COMPILER_APPICON_NAME = AppIcon;
				ASSETCATALOG_COMPILER_GLOBAL_ACCENT_COLOR_NAME = AccentColor;
				CODE_SIGN_STYLE = Automatic;
				DEVELOPMENT_TEAM = QFXLM2UG4Z;
				INFOPLIST_FILE = DemoApp/Info.plist;
				LD_RUNPATH_SEARCH_PATHS = (
					"$(inherited)",
					"@executable_path/Frameworks",
				);
				PRODUCT_BUNDLE_IDENTIFIER = com.inanc.DemoApp;
				PRODUCT_NAME = "$(TARGET_NAME)";
				SWIFT_VERSION = 5.0;
				TARGETED_DEVICE_FAMILY = 1;
			};
			name = Release;
		};
		0F3E21582643217A00CD0967 /* Debug */ = {
			isa = XCBuildConfiguration;
			buildSettings = {
				ALWAYS_EMBED_SWIFT_STANDARD_LIBRARIES = YES;
				BUNDLE_LOADER = "$(TEST_HOST)";
				CODE_SIGN_STYLE = Automatic;
				DEVELOPMENT_TEAM = QFXLM2UG4Z;
				INFOPLIST_FILE = DemoAppTests/Info.plist;
				IPHONEOS_DEPLOYMENT_TARGET = 14.4;
				LD_RUNPATH_SEARCH_PATHS = (
					"$(inherited)",
					"@executable_path/Frameworks",
					"@loader_path/Frameworks",
				);
				PRODUCT_BUNDLE_IDENTIFIER = com.inanc.DemoAppTests;
				PRODUCT_NAME = "$(TARGET_NAME)";
				SWIFT_VERSION = 5.0;
				TARGETED_DEVICE_FAMILY = "1,2";
				TEST_HOST = "$(BUILT_PRODUCTS_DIR)/DemoApp.app/DemoApp";
			};
			name = Debug;
		};
		0F3E21592643217A00CD0967 /* Release */ = {
			isa = XCBuildConfiguration;
			buildSettings = {
				ALWAYS_EMBED_SWIFT_STANDARD_LIBRARIES = YES;
				BUNDLE_LOADER = "$(TEST_HOST)";
				CODE_SIGN_STYLE = Automatic;
				DEVELOPMENT_TEAM = QFXLM2UG4Z;
				INFOPLIST_FILE = DemoAppTests/Info.plist;
				IPHONEOS_DEPLOYMENT_TARGET = 14.4;
				LD_RUNPATH_SEARCH_PATHS = (
					"$(inherited)",
					"@executable_path/Frameworks",
					"@loader_path/Frameworks",
				);
				PRODUCT_BUNDLE_IDENTIFIER = com.inanc.DemoAppTests;
				PRODUCT_NAME = "$(TARGET_NAME)";
				SWIFT_VERSION = 5.0;
				TARGETED_DEVICE_FAMILY = "1,2";
				TEST_HOST = "$(BUILT_PRODUCTS_DIR)/DemoApp.app/DemoApp";
			};
			name = Release;
		};
		0F3E215B2643217A00CD0967 /* Debug */ = {
			isa = XCBuildConfiguration;
			buildSettings = {
				ALWAYS_EMBED_SWIFT_STANDARD_LIBRARIES = YES;
				CODE_SIGN_STYLE = Automatic;
				DEVELOPMENT_TEAM = QFXLM2UG4Z;
				INFOPLIST_FILE = DemoAppUITests/Info.plist;
				LD_RUNPATH_SEARCH_PATHS = (
					"$(inherited)",
					"@executable_path/Frameworks",
					"@loader_path/Frameworks",
				);
				PRODUCT_BUNDLE_IDENTIFIER = com.inanc.DemoAppUITests;
				PRODUCT_NAME = "$(TARGET_NAME)";
				SWIFT_VERSION = 5.0;
				TARGETED_DEVICE_FAMILY = "1,2";
				TEST_TARGET_NAME = DemoApp;
			};
			name = Debug;
		};
		0F3E215C2643217A00CD0967 /* Release */ = {
			isa = XCBuildConfiguration;
			buildSettings = {
				ALWAYS_EMBED_SWIFT_STANDARD_LIBRARIES = YES;
				CODE_SIGN_STYLE = Automatic;
				DEVELOPMENT_TEAM = QFXLM2UG4Z;
				INFOPLIST_FILE = DemoAppUITests/Info.plist;
				LD_RUNPATH_SEARCH_PATHS = (
					"$(inherited)",
					"@executable_path/Frameworks",
					"@loader_path/Frameworks",
				);
				PRODUCT_BUNDLE_IDENTIFIER = com.inanc.DemoAppUITests;
				PRODUCT_NAME = "$(TARGET_NAME)";
				SWIFT_VERSION = 5.0;
				TARGETED_DEVICE_FAMILY = "1,2";
				TEST_TARGET_NAME = DemoApp;
			};
			name = Release;
		};
/* End XCBuildConfiguration section */

/* Begin XCConfigurationList section */
		0F3E21222643217900CD0967 /* Build configuration list for PBXProject "DemoApp" */ = {
			isa = XCConfigurationList;
			buildConfigurations = (
				0F3E21522643217A00CD0967 /* Debug */,
				0F3E21532643217A00CD0967 /* Release */,
			);
			defaultConfigurationIsVisible = 0;
			defaultConfigurationName = Release;
		};
		0F3E21542643217A00CD0967 /* Build configuration list for PBXNativeTarget "DemoApp" */ = {
			isa = XCConfigurationList;
			buildConfigurations = (
				0F3E21552643217A00CD0967 /* Debug */,
				0F3E21562643217A00CD0967 /* Release */,
			);
			defaultConfigurationIsVisible = 0;
			defaultConfigurationName = Release;
		};
		0F3E21572643217A00CD0967 /* Build configuration list for PBXNativeTarget "DemoAppTests" */ = {
			isa = XCConfigurationList;
			buildConfigurations = (
				0F3E21582643217A00CD0967 /* Debug */,
				0F3E21592643217A00CD0967 /* Release */,
			);
			defaultConfigurationIsVisible = 0;
			defaultConfigurationName = Release;
		};
		0F3E215A2643217A00CD0967 /* Build configuration list for PBXNativeTarget "DemoAppUITests" */ = {
			isa = XCConfigurationList;
			buildConfigurations = (
				0F3E215B2643217A00CD0967 /* Debug */,
				0F3E215C2643217A00CD0967 /* Release */,
			);
			defaultConfigurationIsVisible = 0;
			defaultConfigurationName = Release;
		};
/* End XCConfigurationList section */

/* Begin XCSwiftPackageProductDependency section */
		0F29F6092649CC0D004320CD /* ProductApi */ = {
			isa = XCSwiftPackageProductDependency;
			productName = ProductApi;
		};
		0F29F6192649CCD6004320CD /* EntitiesDyn */ = {
			isa = XCSwiftPackageProductDependency;
			productName = EntitiesDyn;
		};
/* End XCSwiftPackageProductDependency section */
	};
	rootObject = 0F3E211F2643217900CD0967 /* Project object */;
}
